
Microsoft Visual Studio Solution File, Format Version 12.00
# Visual Studio Version 17
VisualStudioVersion = 17.11.35222.181
MinimumVisualStudioVersion = 10.0.40219.1
Project("{FAE04EC0-301F-11D3-BF4B-00C04F79EFBC}") = "AppPaiements", "AppPaiements\AppPaiements.csproj", "{0333105F-2ABE-41B9-BFB0-78E911BA5F9C}"
EndProject
Global
	GlobalSection(SolutionConfigurationPlatforms) = preSolution
		Debug|Any CPU = Debug|Any CPU
		Release|Any CPU = Release|Any CPU
	EndGlobalSection
	GlobalSection(ProjectConfigurationPlatforms) = postSolution
		{0333105F-2ABE-41B9-BFB0-78E911BA5F9C}.Debug|Any CPU.ActiveCfg = Debug|Any CPU
		{0333105F-2ABE-41B9-BFB0-78E911BA5F9C}.Debug|Any CPU.Build.0 = Debug|Any CPU
		{0333105F-2ABE-41B9-BFB0-78E911BA5F9C}.Release|Any CPU.ActiveCfg = Release|Any CPU
		{0333105F-2ABE-41B9-BFB0-78E911BA5F9C}.Release|Any CPU.Build.0 = Release|Any CPU
	EndGlobalSection
	GlobalSection(SolutionProperties) = preSolution
		HideSolutionNode = FALSE
	EndGlobalSection
	GlobalSection(ExtensibilityGlobals) = postSolution
		SolutionGuid = {1FA46DBB-A18B-49EF-B4CD-6C16F582C25A}
	EndGlobalSection
EndGlobal
